
Microsoft Visual Studio Solution File, Format Version 12.00
# Visual Studio Version 16
VisualStudioVersion = 16.0.31313.79
MinimumVisualStudioVersion = 10.0.40219.1
Project("{9A19103F-16F7-4668-BE54-9A1E7A4F7556}") = "ApplicationMetrics.MetricLoggers.WindowsPerformanceCounter", "ApplicationMetrics.MetricLoggers.WindowsPerformanceCounter\ApplicationMetrics.MetricLoggers.WindowsPerformanceCounter.csproj", "{67066775-4045-481F-9DE9-1EDB387B7EB3}"
EndProject
Project("{FAE04EC0-301F-11D3-BF4B-00C04F79EFBC}") = "WindowsPerformanceCounter.UnitTests", "WindowsPerformanceCounter.UnitTests\WindowsPerformanceCounter.UnitTests.csproj", "{D8D03059-8F3B-4552-AD8A-02C1C5B86816}"
EndProject
Global
	GlobalSection(SolutionConfigurationPlatforms) = preSolution
		Debug|Any CPU = Debug|Any CPU
		Release|Any CPU = Release|Any CPU
	EndGlobalSection
	GlobalSection(ProjectConfigurationPlatforms) = postSolution
		{67066775-4045-481F-9DE9-1EDB387B7EB3}.Debug|Any CPU.ActiveCfg = Debug|Any CPU
		{67066775-4045-481F-9DE9-1EDB387B7EB3}.Debug|Any CPU.Build.0 = Debug|Any CPU
		{67066775-4045-481F-9DE9-1EDB387B7EB3}.Release|Any CPU.ActiveCfg = Release|Any CPU
		{67066775-4045-481F-9DE9-1EDB387B7EB3}.Release|Any CPU.Build.0 = Release|Any CPU
		{D8D03059-8F3B-4552-AD8A-02C1C5B86816}.Debug|Any CPU.ActiveCfg = Debug|Any CPU
		{D8D03059-8F3B-4552-AD8A-02C1C5B86816}.Debug|Any CPU.Build.0 = Debug|Any CPU
		{D8D03059-8F3B-4552-AD8A-02C1C5B86816}.Release|Any CPU.ActiveCfg = Release|Any CPU
		{D8D03059-8F3B-4552-AD8A-02C1C5B86816}.Release|Any CPU.Build.0 = Release|Any CPU
	EndGlobalSection
	GlobalSection(SolutionProperties) = preSolution
		HideSolutionNode = FALSE
	EndGlobalSection
	GlobalSection(ExtensibilityGlobals) = postSolution
		SolutionGuid = {CE56E022-C7F3-4C6C-95F5-FCEEBC1A5FD6}
	EndGlobalSection
EndGlobal
